<?xml version="1.0" encoding="UTF-8"?>
<Scheme
   LastUpgradeVersion = "0510"
   version = "1.3">
   <BuildAction
      parallelizeBuildables = "YES"
      buildImplicitDependencies = "YES">
      <BuildActionEntries>
         <BuildActionEntry
            buildForTesting = "YES"
            buildForRunning = "YES"
            buildForProfiling = "YES"
            buildForArchiving = "YES"
            buildForAnalyzing = "YES">
            <BuildableReference
               BuildableIdentifier = "primary"
               BlueprintIdentifier = "C2B69E11194B28D000BB6B7C"
               BuildableName = "&#x4f5c;&#x4e1a;16&#x6570;&#x636e;&#x5e93;&#x901a;&#x8baf;&#x5f55;.app"
               BlueprintName = "&#x4f5c;&#x4e1a;16&#x6570;&#x636e;&#x5e93;&#x901a;&#x8baf;&#x5f55;"
               ReferencedContainer = "container:&#x4f5c;&#x4e1a;16&#x6570;&#x636e;&#x5e93;&#x901a;&#x8baf;&#x5f55;.xcodeproj">
            </BuildableReference>
         </BuildActionEntry>
      </BuildActionEntries>
   </BuildAction>
   <TestAction
      selectedDebuggerIdentifier = "Xcode.DebuggerFoundation.Debugger.LLDB"
      selectedLauncherIdentifier = "Xcode.DebuggerFoundation.Launcher.LLDB"
      shouldUseLaunchSchemeArgsEnv = "YES"
      buildConfiguration = "Debug">
      <Testables>
         <TestableReference
            skipped = "NO">
            <BuildableReference
               BuildableIdentifier = "primary"
               BlueprintIdentifier = "C2B69E2C194B28D000BB6B7C"
               BuildableName = "&#x4f5c;&#x4e1a;16&#x6570;&#x636e;&#x5e93;&#x901a;&#x8baf;&#x5f55;Tests.xctest"
               BlueprintName = "&#x4f5c;&#x4e1a;16&#x6570;&#x636e;&#x5e93;&#x901a;&#x8baf;&#x5f55;Tests"
               ReferencedContainer = "container:&#x4f5c;&#x4e1a;16&#x6570;&#x636e;&#x5e93;&#x901a;&#x8baf;&#x5f55;.xcodeproj">
            </BuildableReference>
         </TestableReference>
      </Testables>
      <MacroExpansion>
         <BuildableReference
            BuildableIdentifier = "primary"
            BlueprintIdentifier = "C2B69E11194B28D000BB6B7C"
            BuildableName = "&#x4f5c;&#x4e1a;16&#x6570;&#x636e;&#x5e93;&#x901a;&#x8baf;&#x5f55;.app"
            BlueprintName = "&#x4f5c;&#x4e1a;16&#x6570;&#x636e;&#x5e93;&#x901a;&#x8baf;&#x5f55;"
            ReferencedContainer = "container:&#x4f5c;&#x4e1a;16&#x6570;&#x636e;&#x5e93;&#x901a;&#x8baf;&#x5f55;.xcodeproj">
         </BuildableReference>
      </MacroExpansion>
   </TestAction>
   <LaunchAction
      selectedDebuggerIdentifier = "Xcode.DebuggerFoundation.Debugger.LLDB"
      selectedLauncherIdentifier = "Xcode.DebuggerFoundation.Launcher.LLDB"
      launchStyle = "0"
      useCustomWorkingDirectory = "NO"
      buildConfiguration = "Debug"
      ignoresPersistentStateOnLaunch = "NO"
      debugDocumentVersioning = "YES"
      allowLocationSimulation = "YES">
      <BuildableProductRunnable>
         <BuildableReference
            BuildableIdentifier = "primary"
            BlueprintIdentifier = "C2B69E11194B28D000BB6B7C"
            BuildableName = "&#x4f5c;&#x4e1a;16&#x6570;&#x636e;&#x5e93;&#x901a;&#x8baf;&#x5f55;.app"
            BlueprintName = "&#x4f5c;&#x4e1a;16&#x6570;&#x636e;&#x5e93;&#x901a;&#x8baf;&#x5f55;"
            ReferencedContainer = "container:&#x4f5c;&#x4e1a;16&#x6570;&#x636e;&#x5e93;&#x901a;&#x8baf;&#x5f55;.xcodeproj">
         </BuildableReference>
      </BuildableProductRunnable>
      <AdditionalOptions>
         <AdditionalOption
            key = "NSZombieEnabled"
            value = "YES"
            isEnabled = "YES">
         </AdditionalOption>
      </AdditionalOptions>
   </LaunchAction>
   <ProfileAction
      shouldUseLaunchSchemeArgsEnv = "YES"
      savedToolIdentifier = ""
      useCustomWorkingDirectory = "NO"
      buildConfiguration = "Release"
      debugDocumentVersioning = "YES">
      <BuildableProductRunnable>
         <BuildableReference
            BuildableIdentifier = "primary"
            BlueprintIdentifier = "C2B69E11194B28D000BB6B7C"
            BuildableName = "&#x4f5c;&#x4e1a;16&#x6570;&#x636e;&#x5e93;&#x901a;&#x8baf;&#x5f55;.app"
            BlueprintName = "&#x4f5c;&#x4e1a;16&#x6570;&#x636e;&#x5e93;&#x901a;&#x8baf;&#x5f55;"
            ReferencedContainer = "container:&#x4f5c;&#x4e1a;16&#x6570;&#x636e;&#x5e93;&#x901a;&#x8baf;&#x5f55;.xcodeproj">
         </BuildableReference>
      </BuildableProductRunnable>
   </ProfileAction>
   <AnalyzeAction
      buildConfiguration = "Debug">
   </AnalyzeAction>
   <ArchiveAction
      buildConfiguration = "Release"
      revealArchiveInOrganizer = "YES">
   </ArchiveAction>
</Scheme>
